// !$*UTF8*$!
{
	archiveVersion = 1;
	classes = {
	};
	objectVersion = 46;
	objects = {

/* Begin PBXBuildFile section */
		14CF136E3E0FA4D7A671E002 /* libPods-ModulizationMainProject.a in Frameworks */ = {isa = PBXBuildFile; fileRef = 09139B53443238D030E95445 /* libPods-ModulizationMainProject.a */; };
		6D05C0381DFFAF18006FD041 /* main.m in Sources */ = {isa = PBXBuildFile; fileRef = 6D05C0371DFFAF18006FD041 /* main.m */; };
		6D05C03B1DFFAF18006FD041 /* AppDelegate.m in Sources */ = {isa = PBXBuildFile; fileRef = 6D05C03A1DFFAF18006FD041 /* AppDelegate.m */; };
		6D05C03E1DFFAF18006FD041 /* ViewController.m in Sources */ = {isa = PBXBuildFile; fileRef = 6D05C03D1DFFAF18006FD041 /* ViewController.m */; };
		6D05C0411DFFAF18006FD041 /* Main.storyboard in Resources */ = {isa = PBXBuildFile; fileRef = 6D05C03F1DFFAF18006FD041 /* Main.storyboard */; };
		6D05C0431DFFAF18006FD041 /* Assets.xcassets in Resources */ = {isa = PBXBuildFile; fileRef = 6D05C0421DFFAF18006FD041 /* Assets.xcassets */; };
		6D05C0461DFFAF18006FD041 /* LaunchScreen.storyboard in Resources */ = {isa = PBXBuildFile; fileRef = 6D05C0441DFFAF18006FD041 /* LaunchScreen.storyboard */; };
		6D05C0511DFFAF18006FD041 /* ModulizationMainProjectTests.m in Sources */ = {isa = PBXBuildFile; fileRef = 6D05C0501DFFAF18006FD041 /* ModulizationMainProjectTests.m */; };
		6D05C05C1DFFAF18006FD041 /* ModulizationMainProjectUITests.m in Sources */ = {isa = PBXBuildFile; fileRef = 6D05C05B1DFFAF18006FD041 /* ModulizationMainProjectUITests.m */; };
/* End PBXBuildFile section */

/* Begin PBXContainerItemProxy section */
		6D05C04D1DFFAF18006FD041 /* PBXContainerItemProxy */ = {
			isa = PBXContainerItemProxy;
			containerPortal = 6D05C02B1DFFAF18006FD041 /* Project object */;
			proxyType = 1;
			remoteGlobalIDString = 6D05C0321DFFAF18006FD041;
			remoteInfo = ModulizationMainProject;
		};
		6D05C0581DFFAF18006FD041 /* PBXContainerItemProxy */ = {
			isa = PBXContainerItemProxy;
			containerPortal = 6D05C02B1DFFAF18006FD041 /* Project object */;
			proxyType = 1;
			remoteGlobalIDString = 6D05C0321DFFAF18006FD041;
			remoteInfo = ModulizationMainProject;
		};
/* End PBXContainerItemProxy section */

/* Begin PBXFileReference section */
		09139B53443238D030E95445 /* libPods-ModulizationMainProject.a */ = {isa = PBXFileReference; explicitFileType = archive.ar; includeInIndex = 0; path = "libPods-ModulizationMainProject.a"; sourceTree = BUILT_PRODUCTS_DIR; };
		44057680E908F17A377CC973 /* Pods-ModulizationMainProject.debug.xcconfig */ = {isa = PBXFileReference; includeInIndex = 1; lastKnownFileType = text.xcconfig; name = "Pods-ModulizationMainProject.debug.xcconfig"; path = "Pods/Target Support Files/Pods-ModulizationMainProject/Pods-ModulizationMainProject.debug.xcconfig"; sourceTree = "<group>"; };
		6D05C0331DFFAF18006FD041 /* ModulizationMainProject.app */ = {isa = PBXFileReference; explicitFileType = wrapper.application; includeInIndex = 0; path = ModulizationMainProject.app; sourceTree = BUILT_PRODUCTS_DIR; };
		6D05C0371DFFAF18006FD041 /* main.m */ = {isa = PBXFileReference; lastKnownFileType = sourcecode.c.objc; path = main.m; sourceTree = "<group>"; };
		6D05C0391DFFAF18006FD041 /* AppDelegate.h */ = {isa = PBXFileReference; lastKnownFileType = sourcecode.c.h; path = AppDelegate.h; sourceTree = "<group>"; };
		6D05C03A1DFFAF18006FD041 /* AppDelegate.m */ = {isa = PBXFileReference; lastKnownFileType = sourcecode.c.objc; path = AppDelegate.m; sourceTree = "<group>"; };
		6D05C03C1DFFAF18006FD041 /* ViewController.h */ = {isa = PBXFileReference; lastKnownFileType = sourcecode.c.h; path = ViewController.h; sourceTree = "<group>"; };
		6D05C03D1DFFAF18006FD041 /* ViewController.m */ = {isa = PBXFileReference; lastKnownFileType = sourcecode.c.objc; path = ViewController.m; sourceTree = "<group>"; };
		6D05C0401DFFAF18006FD041 /* Base */ = {isa = PBXFileReference; lastKnownFileType = file.storyboard; name = Base; path = Base.lproj/Main.storyboard; sourceTree = "<group>"; };
		6D05C0421DFFAF18006FD041 /* Assets.xcassets */ = {isa = PBXFileReference; lastKnownFileType = folder.assetcatalog; path = Assets.xcassets; sourceTree = "<group>"; };
		6D05C0451DFFAF18006FD041 /* Base */ = {isa = PBXFileReference; lastKnownFileType = file.storyboard; name = Base; path = Base.lproj/LaunchScreen.storyboard; sourceTree = "<group>"; };
		6D05C0471DFFAF18006FD041 /* Info.plist */ = {isa = PBXFileReference; lastKnownFileType = text.plist.xml; path = Info.plist; sourceTree = "<group>"; };
		6D05C04C1DFFAF18006FD041 /* ModulizationMainProjectTests.xctest */ = {isa = PBXFileReference; explicitFileType = wrapper.cfbundle; includeInIndex = 0; path = ModulizationMainProjectTests.xctest; sourceTree = BUILT_PRODUCTS_DIR; };
		6D05C0501DFFAF18006FD041 /* ModulizationMainProjectTests.m */ = {isa = PBXFileReference; lastKnownFileType = sourcecode.c.objc; path = ModulizationMainProjectTests.m; sourceTree = "<group>"; };
		6D05C0521DFFAF18006FD041 /* Info.plist */ = {isa = PBXFileReference; lastKnownFileType = text.plist.xml; path = Info.plist; sourceTree = "<group>"; };
		6D05C0571DFFAF18006FD041 /* ModulizationMainProjectUITests.xctest */ = {isa = PBXFileReference; explicitFileType = wrapper.cfbundle; includeInIndex = 0; path = ModulizationMainProjectUITests.xctest; sourceTree = BUILT_PRODUCTS_DIR; };
		6D05C05B1DFFAF18006FD041 /* ModulizationMainProjectUITests.m */ = {isa = PBXFileReference; lastKnownFileType = sourcecode.c.objc; path = ModulizationMainProjectUITests.m; sourceTree = "<group>"; };
		6D05C05D1DFFAF18006FD041 /* Info.plist */ = {isa = PBXFileReference; lastKnownFileType = text.plist.xml; path = Info.plist; sourceTree = "<group>"; };
		6D975B56931825F8347259AB /* Pods-ModulizationMainProject.release.xcconfig */ = {isa = PBXFileReference; includeInIndex = 1; lastKnownFileType = text.xcconfig; name = "Pods-ModulizationMainProject.release.xcconfig"; path = "Pods/Target Support Files/Pods-ModulizationMainProject/Pods-ModulizationMainProject.release.xcconfig"; sourceTree = "<group>"; };
/* End PBXFileReference section */

/* Begin PBXFrameworksBuildPhase section */
		6D05C0301DFFAF18006FD041 /* Frameworks */ = {
			isa = PBXFrameworksBuildPhase;
			buildActionMask = 2147483647;
			files = (
				14CF136E3E0FA4D7A671E002 /* libPods-ModulizationMainProject.a in Frameworks */,
			);
			runOnlyForDeploymentPostprocessing = 0;
		};
		6D05C0491DFFAF18006FD041 /* Frameworks */ = {
			isa = PBXFrameworksBuildPhase;
			buildActionMask = 2147483647;
			files = (
			);
			runOnlyForDeploymentPostprocessing = 0;
		};
		6D05C0541DFFAF18006FD041 /* Frameworks */ = {
			isa = PBXFrameworksBuildPhase;
			buildActionMask = 2147483647;
			files = (
			);
			runOnlyForDeploymentPostprocessing = 0;
		};
/* End PBXFrameworksBuildPhase section */

/* Begin PBXGroup section */
		04C7DBF25EC127BC8E1329EA /* Frameworks */ = {
			isa = PBXGroup;
			children = (
				09139B53443238D030E95445 /* libPods-ModulizationMainProject.a */,
			);
			name = Frameworks;
			sourceTree = "<group>";
		};
		6D05C02A1DFFAF18006FD041 = {
			isa = PBXGroup;
			children = (
				6D05C0351DFFAF18006FD041 /* ModulizationMainProject */,
				6D05C04F1DFFAF18006FD041 /* ModulizationMainProjectTests */,
				6D05C05A1DFFAF18006FD041 /* ModulizationMainProjectUITests */,
				6D05C0341DFFAF18006FD041 /* Products */,
				8A697491D7F694EAC95252BB /* Pods */,
				04C7DBF25EC127BC8E1329EA /* Frameworks */,
			);
			sourceTree = "<group>";
		};
		6D05C0341DFFAF18006FD041 /* Products */ = {
			isa = PBXGroup;
			children = (
				6D05C0331DFFAF18006FD041 /* ModulizationMainProject.app */,
				6D05C04C1DFFAF18006FD041 /* ModulizationMainProjectTests.xctest */,
				6D05C0571DFFAF18006FD041 /* ModulizationMainProjectUITests.xctest */,
			);
			name = Products;
			sourceTree = "<group>";
		};
		6D05C0351DFFAF18006FD041 /* ModulizationMainProject */ = {
			isa = PBXGroup;
			children = (
				6D05C0391DFFAF18006FD041 /* AppDelegate.h */,
				6D05C03A1DFFAF18006FD041 /* AppDelegate.m */,
				6D05C03C1DFFAF18006FD041 /* ViewController.h */,
				6D05C03D1DFFAF18006FD041 /* ViewController.m */,
				6D05C03F1DFFAF18006FD041 /* Main.storyboard */,
				6D05C0421DFFAF18006FD041 /* Assets.xcassets */,
				6D05C0441DFFAF18006FD041 /* LaunchScreen.storyboard */,
				6D05C0471DFFAF18006FD041 /* Info.plist */,
				6D05C0361DFFAF18006FD041 /* Supporting Files */,
			);
			path = ModulizationMainProject;
			sourceTree = "<group>";
		};
		6D05C0361DFFAF18006FD041 /* Supporting Files */ = {
			isa = PBXGroup;
			children = (
				6D05C0371DFFAF18006FD041 /* main.m */,
			);
			name = "Supporting Files";
			sourceTree = "<group>";
		};
		6D05C04F1DFFAF18006FD041 /* ModulizationMainProjectTests */ = {
			isa = PBXGroup;
			children = (
				6D05C0501DFFAF18006FD041 /* ModulizationMainProjectTests.m */,
				6D05C0521DFFAF18006FD041 /* Info.plist */,
			);
			path = ModulizationMainProjectTests;
			sourceTree = "<group>";
		};
		6D05C05A1DFFAF18006FD041 /* ModulizationMainProjectUITests */ = {
			isa = PBXGroup;
			children = (
				6D05C05B1DFFAF18006FD041 /* ModulizationMainProjectUITests.m */,
				6D05C05D1DFFAF18006FD041 /* Info.plist */,
			);
			path = ModulizationMainProjectUITests;
			sourceTree = "<group>";
		};
		8A697491D7F694EAC95252BB /* Pods */ = {
			isa = PBXGroup;
			children = (
				44057680E908F17A377CC973 /* Pods-ModulizationMainProject.debug.xcconfig */,
				6D975B56931825F8347259AB /* Pods-ModulizationMainProject.release.xcconfig */,
			);
			name = Pods;
			sourceTree = "<group>";
		};
/* End PBXGroup section */

/* Begin PBXNativeTarget section */
		6D05C0321DFFAF18006FD041 /* ModulizationMainProject */ = {
			isa = PBXNativeTarget;
			buildConfigurationList = 6D05C0601DFFAF18006FD041 /* Build configuration list for PBXNativeTarget "ModulizationMainProject" */;
			buildPhases = (
				1AAE602FAC13607C1D295CD7 /* [CP] Check Pods Manifest.lock */,
				6D05C02F1DFFAF18006FD041 /* Sources */,
				6D05C0301DFFAF18006FD041 /* Frameworks */,
				6D05C0311DFFAF18006FD041 /* Resources */,
				925DF3A66F29FA1E96CA9176 /* [CP] Embed Pods Frameworks */,
				7ACA87C5FD6BF12B9BE2C4B0 /* [CP] Copy Pods Resources */,
			);
			buildRules = (
			);
			dependencies = (
			);
			name = ModulizationMainProject;
			productName = ModulizationMainProject;
			productReference = 6D05C0331DFFAF18006FD041 /* ModulizationMainProject.app */;
			productType = "com.apple.product-type.application";
		};
		6D05C04B1DFFAF18006FD041 /* ModulizationMainProjectTests */ = {
			isa = PBXNativeTarget;
			buildConfigurationList = 6D05C0631DFFAF18006FD041 /* Build configuration list for PBXNativeTarget "ModulizationMainProjectTests" */;
			buildPhases = (
				6D05C0481DFFAF18006FD041 /* Sources */,
				6D05C0491DFFAF18006FD041 /* Frameworks */,
				6D05C04A1DFFAF18006FD041 /* Resources */,
			);
			buildRules = (
			);
			dependencies = (
				6D05C04E1DFFAF18006FD041 /* PBXTargetDependency */,
			);
			name = ModulizationMainProjectTests;
			productName = ModulizationMainProjectTests;
			productReference = 6D05C04C1DFFAF18006FD041 /* ModulizationMainProjectTests.xctest */;
			productType = "com.apple.product-type.bundle.unit-test";
		};
		6D05C0561DFFAF18006FD041 /* ModulizationMainProjectUITests */ = {
			isa = PBXNativeTarget;
			buildConfigurationList = 6D05C0661DFFAF18006FD041 /* Build configuration list for PBXNativeTarget "ModulizationMainProjectUITests" */;
			buildPhases = (
				6D05C0531DFFAF18006FD041 /* Sources */,
				6D05C0541DFFAF18006FD041 /* Frameworks */,
				6D05C0551DFFAF18006FD041 /* Resources */,
			);
			buildRules = (
			);
			dependencies = (
				6D05C0591DFFAF18006FD041 /* PBXTargetDependency */,
			);
			name = ModulizationMainProjectUITests;
			productName = ModulizationMainProjectUITests;
			productReference = 6D05C0571DFFAF18006FD041 /* ModulizationMainProjectUITests.xctest */;
			productType = "com.apple.product-type.bundle.ui-testing";
		};
/* End PBXNativeTarget section */

/* Begin PBXProject section */
		6D05C02B1DFFAF18006FD041 /* Project object */ = {
			isa = PBXProject;
			attributes = {
				LastUpgradeCheck = 0800;
				ORGANIZATIONNAME = bangben;
				TargetAttributes = {
					6D05C0321DFFAF18006FD041 = {
						CreatedOnToolsVersion = 8.0;
						ProvisioningStyle = Automatic;
					};
					6D05C04B1DFFAF18006FD041 = {
						CreatedOnToolsVersion = 8.0;
						ProvisioningStyle = Automatic;
						TestTargetID = 6D05C0321DFFAF18006FD041;
					};
					6D05C0561DFFAF18006FD041 = {
						CreatedOnToolsVersion = 8.0;
						ProvisioningStyle = Automatic;
						TestTargetID = 6D05C0321DFFAF18006FD041;
					};
				};
			};
			buildConfigurationList = 6D05C02E1DFFAF18006FD041 /* Build configuration list for PBXProject "ModulizationMainProject" */;
			compatibilityVersion = "Xcode 3.2";
			developmentRegion = English;
			hasScannedForEncodings = 0;
			knownRegions = (
				en,
				Base,
			);
			mainGroup = 6D05C02A1DFFAF18006FD041;
			productRefGroup = 6D05C0341DFFAF18006FD041 /* Products */;
			projectDirPath = "";
			projectRoot = "";
			targets = (
				6D05C0321DFFAF18006FD041 /* ModulizationMainProject */,
				6D05C04B1DFFAF18006FD041 /* ModulizationMainProjectTests */,
				6D05C0561DFFAF18006FD041 /* ModulizationMainProjectUITests */,
			);
		};
/* End PBXProject section */

/* Begin PBXResourcesBuildPhase section */
		6D05C0311DFFAF18006FD041 /* Resources */ = {
			isa = PBXResourcesBuildPhase;
			buildActionMask = 2147483647;
			files = (
				6D05C0461DFFAF18006FD041 /* LaunchScreen.storyboard in Resources */,
				6D05C0431DFFAF18006FD041 /* Assets.xcassets in Resources */,
				6D05C0411DFFAF18006FD041 /* Main.storyboard in Resources */,
			);
			runOnlyForDeploymentPostprocessing = 0;
		};
		6D05C04A1DFFAF18006FD041 /* Resources */ = {
			isa = PBXResourcesBuildPhase;
			buildActionMask = 2147483647;
			files = (
			);
			runOnlyForDeploymentPostprocessing = 0;
		};
		6D05C0551DFFAF18006FD041 /* Resources */ = {
			isa = PBXResourcesBuildPhase;
			buildActionMask = 2147483647;
			files = (
			);
			runOnlyForDeploymentPostprocessing = 0;
		};
/* End PBXResourcesBuildPhase section */

/* Begin PBXShellScriptBuildPhase section */
		1AAE602FAC13607C1D295CD7 /* [CP] Check Pods Manifest.lock */ = {
			isa = PBXShellScriptBuildPhase;
			buildActionMask = 2147483647;
			files = (
			);
			inputPaths = (
			);
			name = "[CP] Check Pods Manifest.lock";
			outputPaths = (
			);
			runOnlyForDeploymentPostprocessing = 0;
			shellPath = /bin/sh;
			shellScript = "diff \"${PODS_ROOT}/../Podfile.lock\" \"${PODS_ROOT}/Manifest.lock\" > /dev/null\nif [ $? != 0 ] ; then\n    # print error to STDERR\n    echo \"error: The sandbox is not in sync with the Podfile.lock. Run 'pod install' or update your CocoaPods installation.\" >&2\n    exit 1\nfi\n";
			showEnvVarsInLog = 0;
		};
		7ACA87C5FD6BF12B9BE2C4B0 /* [CP] Copy Pods Resources */ = {
			isa = PBXShellScriptBuildPhase;
			buildActionMask = 2147483647;
			files = (
			);
			inputPaths = (
			);
			name = "[CP] Copy Pods Resources";
			outputPaths = (
			);
			runOnlyForDeploymentPostprocessing = 0;
			shellPath = /bin/sh;
			shellScript = "\"${SRCROOT}/Pods/Target Support Files/Pods-ModulizationMainProject/Pods-ModulizationMainProject-resources.sh\"\n";
			showEnvVarsInLog = 0;
		};
		925DF3A66F29FA1E96CA9176 /* [CP] Embed Pods Frameworks */ = {
			isa = PBXShellScriptBuildPhase;
			buildActionMask = 2147483647;
			files = (
			);
			inputPaths = (
			);
			name = "[CP] Embed Pods Frameworks";
			outputPaths = (
			);
			runOnlyForDeploymentPostprocessing = 0;
			shellPath = /bin/sh;
			shellScript = "\"${SRCROOT}/Pods/Target Support Files/Pods-ModulizationMainProject/Pods-ModulizationMainProject-frameworks.sh\"\n";
			showEnvVarsInLog = 0;
		};
/* End PBXShellScriptBuildPhase section */

/* Begin PBXSourcesBuildPhase section */
		6D05C02F1DFFAF18006FD041 /* Sources */ = {
			isa = PBXSourcesBuildPhase;
			buildActionMask = 2147483647;
			files = (
				6D05C03E1DFFAF18006FD041 /* ViewController.m in Sources */,
				6D05C03B1DFFAF18006FD041 /* AppDelegate.m in Sources */,
				6D05C0381DFFAF18006FD041 /* main.m in Sources */,
			);
			runOnlyForDeploymentPostprocessing = 0;
		};
		6D05C0481DFFAF18006FD041 /* Sources */ = {
			isa = PBXSourcesBuildPhase;
			buildActionMask = 2147483647;
			files = (
				6D05C0511DFFAF18006FD041 /* ModulizationMainProjectTests.m in Sources */,
			);
			runOnlyForDeploymentPostprocessing = 0;
		};
		6D05C0531DFFAF18006FD041 /* Sources */ = {
			isa = PBXSourcesBuildPhase;
			buildActionMask = 2147483647;
			files = (
				6D05C05C1DFFAF18006FD041 /* ModulizationMainProjectUITests.m in Sources */,
			);
			runOnlyForDeploymentPostprocessing = 0;
		};
/* End PBXSourcesBuildPhase section */

/* Begin PBXTargetDependency section */
		6D05C04E1DFFAF18006FD041 /* PBXTargetDependency */ = {
			isa = PBXTargetDependency;
			target = 6D05C0321DFFAF18006FD041 /* ModulizationMainProject */;
			targetProxy = 6D05C04D1DFFAF18006FD041 /* PBXContainerItemProxy */;
		};
		6D05C0591DFFAF18006FD041 /* PBXTargetDependency */ = {
			isa = PBXTargetDependency;
			target = 6D05C0321DFFAF18006FD041 /* ModulizationMainProject */;
			targetProxy = 6D05C0581DFFAF18006FD041 /* PBXContainerItemProxy */;
		};
/* End PBXTargetDependency section */

/* Begin PBXVariantGroup section */
		6D05C03F1DFFAF18006FD041 /* Main.storyboard */ = {
			isa = PBXVariantGroup;
			children = (
				6D05C0401DFFAF18006FD041 /* Base */,
			);
			name = Main.storyboard;
			sourceTree = "<group>";
		};
		6D05C0441DFFAF18006FD041 /* LaunchScreen.storyboard */ = {
			isa = PBXVariantGroup;
			children = (
				6D05C0451DFFAF18006FD041 /* Base */,
			);
			name = LaunchScreen.storyboard;
			sourceTree = "<group>";
		};
/* End PBXVariantGroup section */

/* Begin XCBuildConfiguration section */
		6D05C05E1DFFAF18006FD041 /* Debug */ = {
			isa = XCBuildConfiguration;
			buildSettings = {
				ALWAYS_SEARCH_USER_PATHS = NO;
				CLANG_ANALYZER_NONNULL = YES;
				CLANG_CXX_LANGUAGE_STANDARD = "gnu++0x";
				CLANG_CXX_LIBRARY = "libc++";
				CLANG_ENABLE_MODULES = YES;
				CLANG_ENABLE_OBJC_ARC = YES;
				CLANG_WARN_BOOL_CONVERSION = YES;
				CLANG_WARN_CONSTANT_CONVERSION = YES;
				CLANG_WARN_DIRECT_OBJC_ISA_USAGE = YES_ERROR;
				CLANG_WARN_DOCUMENTATION_COMMENTS = YES;
				CLANG_WARN_EMPTY_BODY = YES;
				CLANG_WARN_ENUM_CONVERSION = YES;
				CLANG_WARN_INFINITE_RECURSION = YES;
				CLANG_WARN_INT_CONVERSION = YES;
				CLANG_WARN_OBJC_ROOT_CLASS = YES_ERROR;
				CLANG_WARN_SUSPICIOUS_MOVES = YES;
				CLANG_WARN_UNREACHABLE_CODE = YES;
				CLANG_WARN__DUPLICATE_METHOD_MATCH = YES;
				"CODE_SIGN_IDENTITY[sdk=iphoneos*]" = "iPhone Developer";
				COPY_PHASE_STRIP = NO;
				DEBUG_INFORMATION_FORMAT = dwarf;
				ENABLE_STRICT_OBJC_MSGSEND = YES;
				ENABLE_TESTABILITY = YES;
				GCC_C_LANGUAGE_STANDARD = gnu99;
				GCC_DYNAMIC_NO_PIC = NO;
				GCC_NO_COMMON_BLOCKS = YES;
				GCC_OPTIMIZATION_LEVEL = 0;
				GCC_PREPROCESSOR_DEFINITIONS = (
					"DEBUG=1",
					"$(inherited)",
				);
				GCC_WARN_64_TO_32_BIT_CONVERSION = YES;
				GCC_WARN_ABOUT_RETURN_TYPE = YES_ERROR;
				GCC_WARN_UNDECLARED_SELECTOR = YES;
				GCC_WARN_UNINITIALIZED_AUTOS = YES_AGGRESSIVE;
				GCC_WARN_UNUSED_FUNCTION = YES;
				GCC_WARN_UNUSED_VARIABLE = YES;
				IPHONEOS_DEPLOYMENT_TARGET = 10.0;
				MTL_ENABLE_DEBUG_INFO = YES;
				ONLY_ACTIVE_ARCH = YES;
				SDKROOT = iphoneos;
				TARGETED_DEVICE_FAMILY = "1,2";
			};
			name = Debug;
		};
		6D05C05F1DFFAF18006FD041 /* Release */ = {
			isa = XCBuildConfiguration;
			buildSettings = {
				ALWAYS_SEARCH_USER_PATHS = NO;
				CLANG_ANALYZER_NONNULL = YES;
				CLANG_CXX_LANGUAGE_STANDARD = "gnu++0x";
				CLANG_CXX_LIBRARY = "libc++";
				CLANG_ENABLE_MODULES = YES;
				CLANG_ENABLE_OBJC_ARC = YES;
				CLANG_WARN_BOOL_CONVERSION = YES;
				CLANG_WARN_CONSTANT_CONVERSION = YES;
				CLANG_WARN_DIRECT_OBJC_ISA_USAGE = YES_ERROR;
				CLANG_WARN_DOCUMENTATION_COMMENTS = YES;
				CLANG_WARN_EMPTY_BODY = YES;
				CLANG_WARN_ENUM_CONVERSION = YES;
				CLANG_WARN_INFINITE_RECURSION = YES;
				CLANG_WARN_INT_CONVERSION = YES;
				CLANG_WARN_OBJC_ROOT_CLASS = YES_ERROR;
				CLANG_WARN_SUSPICIOUS_MOVES = YES;
				CLANG_WARN_UNREACHABLE_CODE = YES;
				CLANG_WARN__DUPLICATE_METHOD_MATCH = YES;
				"CODE_SIGN_IDENTITY[sdk=iphoneos*]" = "iPhone Developer";
				COPY_PHASE_STRIP = NO;
				DEBUG_INFORMATION_FORMAT = "dwarf-with-dsym";
				ENABLE_NS_ASSERTIONS = NO;
				ENABLE_STRICT_OBJC_MSGSEND = YES;
				GCC_C_LANGUAGE_STANDARD = gnu99;
				GCC_NO_COMMON_BLOCKS = YES;
				GCC_WARN_64_TO_32_BIT_CONVERSION = YES;
				GCC_WARN_ABOUT_RETURN_TYPE = YES_ERROR;
				GCC_WARN_UNDECLARED_SELECTOR = YES;
				GCC_WARN_UNINITIALIZED_AUTOS = YES_AGGRESSIVE;
				GCC_WARN_UNUSED_FUNCTION = YES;
				GCC_WARN_UNUSED_VARIABLE = YES;
				IPHONEOS_DEPLOYMENT_TARGET = 10.0;
				MTL_ENABLE_DEBUG_INFO = NO;
				SDKROOT = iphoneos;
				TARGETED_DEVICE_FAMILY = "1,2";
				VALIDATE_PRODUCT = YES;
			};
			name = Release;
		};
		6D05C0611DFFAF18006FD041 /* Debug */ = {
			isa = XCBuildConfiguration;
			baseConfigurationReference = 44057680E908F17A377CC973 /* Pods-ModulizationMainProject.debug.xcconfig */;
			buildSettings = {
				ASSETCATALOG_COMPILER_APPICON_NAME = AppIcon;
				INFOPLIST_FILE = ModulizationMainProject/Info.plist;
				LD_RUNPATH_SEARCH_PATHS = "$(inherited) @executable_path/Frameworks";
				PRODUCT_BUNDLE_IDENTIFIER = com.bangben.ModulizationMainProject;
				PRODUCT_NAME = "$(TARGET_NAME)";
			};
			name = Debug;
		};
		6D05C0621DFFAF18006FD041 /* Release */ = {
			isa = XCBuildConfiguration;
			baseConfigurationReference = 6D975B56931825F8347259AB /* Pods-ModulizationMainProject.release.xcconfig */;
			buildSettings = {
				ASSETCATALOG_COMPILER_APPICON_NAME = AppIcon;
				INFOPLIST_FILE = ModulizationMainProject/Info.plist;
				LD_RUNPATH_SEARCH_PATHS = "$(inherited) @executable_path/Frameworks";
				PRODUCT_BUNDLE_IDENTIFIER = com.bangben.ModulizationMainProject;
				PRODUCT_NAME = "$(TARGET_NAME)";
			};
			name = Release;
		};
		6D05C0641DFFAF18006FD041 /* Debug */ = {
			isa = XCBuildConfiguration;
			buildSettings = {
				BUNDLE_LOADER = "$(TEST_HOST)";
				INFOPLIST_FILE = ModulizationMainProjectTests/Info.plist;
				LD_RUNPATH_SEARCH_PATHS = "$(inherited) @executable_path/Frameworks @loader_path/Frameworks";
				PRODUCT_BUNDLE_IDENTIFIER = com.bangben.ModulizationMainProjectTests;
				PRODUCT_NAME = "$(TARGET_NAME)";
				TEST_HOST = "$(BUILT_PRODUCTS_DIR)/ModulizationMainProject.app/ModulizationMainProject";
			};
			name = Debug;
		};
		6D05C0651DFFAF18006FD041 /* Release */ = {
			isa = XCBuildConfiguration;
			buildSettings = {
				BUNDLE_LOADER = "$(TEST_HOST)";
				INFOPLIST_FILE = ModulizationMainProjectTests/Info.plist;
				LD_RUNPATH_SEARCH_PATHS = "$(inherited) @executable_path/Frameworks @loader_path/Frameworks";
				PRODUCT_BUNDLE_IDENTIFIER = com.bangben.ModulizationMainProjectTests;
				PRODUCT_NAME = "$(TARGET_NAME)";
				TEST_HOST = "$(BUILT_PRODUCTS_DIR)/ModulizationMainProject.app/ModulizationMainProject";
			};
			name = Release;
		};
		6D05C0671DFFAF18006FD041 /* Debug */ = {
			isa = XCBuildConfiguration;
			buildSettings = {
				INFOPLIST_FILE = ModulizationMainProjectUITests/Info.plist;
				LD_RUNPATH_SEARCH_PATHS = "$(inherited) @executable_path/Frameworks @loader_path/Frameworks";
				PRODUCT_BUNDLE_IDENTIFIER = com.bangben.ModulizationMainProjectUITests;
				PRODUCT_NAME = "$(TARGET_NAME)";
				TEST_TARGET_NAME = ModulizationMainProject;
			};
			name = Debug;
		};
		6D05C0681DFFAF18006FD041 /* Release */ = {
			isa = XCBuildConfiguration;
			buildSettings = {
				INFOPLIST_FILE = ModulizationMainProjectUITests/Info.plist;
				LD_RUNPATH_SEARCH_PATHS = "$(inherited) @executable_path/Frameworks @loader_path/Frameworks";
				PRODUCT_BUNDLE_IDENTIFIER = com.bangben.ModulizationMainProjectUITests;
				PRODUCT_NAME = "$(TARGET_NAME)";
				TEST_TARGET_NAME = ModulizationMainProject;
			};
			name = Release;
		};
/* End XCBuildConfiguration section */

/* Begin XCConfigurationList section */
		6D05C02E1DFFAF18006FD041 /* Build configuration list for PBXProject "ModulizationMainProject" */ = {
			isa = XCConfigurationList;
			buildConfigurations = (
				6D05C05E1DFFAF18006FD041 /* Debug */,
				6D05C05F1DFFAF18006FD041 /* Release */,
			);
			defaultConfigurationIsVisible = 0;
			defaultConfigurationName = Release;
		};
		6D05C0601DFFAF18006FD041 /* Build configuration list for PBXNativeTarget "ModulizationMainProject" */ = {
			isa = XCConfigurationList;
			buildConfigurations = (
				6D05C0611DFFAF18006FD041 /* Debug */,
				6D05C0621DFFAF18006FD041 /* Release */,
			);
			defaultConfigurationIsVisible = 0;
		};
		6D05C0631DFFAF18006FD041 /* Build configuration list for PBXNativeTarget "ModulizationMainProjectTests" */ = {
			isa = XCConfigurationList;
			buildConfigurations = (
				6D05C0641DFFAF18006FD041 /* Debug */,
				6D05C0651DFFAF18006FD041 /* Release */,
			);
			defaultConfigurationIsVisible = 0;
		};
		6D05C0661DFFAF18006FD041 /* Build configuration list for PBXNativeTarget "ModulizationMainProjectUITests" */ = {
			isa = XCConfigurationList;
			buildConfigurations = (
				6D05C0671DFFAF18006FD041 /* Debug */,
				6D05C0681DFFAF18006FD041 /* Release */,
			);
			defaultConfigurationIsVisible = 0;
		};
/* End XCConfigurationList section */
	};
	rootObject = 6D05C02B1DFFAF18006FD041 /* Project object */;
}
